
Microsoft Visual Studio Solution File, Format Version 12.00
Project("{FAE04EC0-301F-11D3-BF4B-00C04F79EFBC}") = "GymManagementSystem", "GymManagementSystem\GymManagementSystem.csproj", "{DC642797-0CE0-4723-8ECA-FFD0F9708945}"
EndProject
Project("{FAE04EC0-301F-11D3-BF4B-00C04F79EFBC}") = "UnitTests", "UnitTests\UnitTests.csproj", "{ED37BFBD-6A14-4C50-8417-E0D57A21C8AC}"
EndProject
Global
	GlobalSection(SolutionConfigurationPlatforms) = preSolution
		Debug|Any CPU = Debug|Any CPU
		Release|Any CPU = Release|Any CPU
	EndGlobalSection
	GlobalSection(ProjectConfigurationPlatforms) = postSolution
		{DC642797-0CE0-4723-8ECA-FFD0F9708945}.Debug|Any CPU.ActiveCfg = Debug|Any CPU
		{DC642797-0CE0-4723-8ECA-FFD0F9708945}.Debug|Any CPU.Build.0 = Debug|Any CPU
		{DC642797-0CE0-4723-8ECA-FFD0F9708945}.Release|Any CPU.ActiveCfg = Release|Any CPU
		{DC642797-0CE0-4723-8ECA-FFD0F9708945}.Release|Any CPU.Build.0 = Release|Any CPU
		{ED37BFBD-6A14-4C50-8417-E0D57A21C8AC}.Debug|Any CPU.ActiveCfg = Debug|Any CPU
		{ED37BFBD-6A14-4C50-8417-E0D57A21C8AC}.Debug|Any CPU.Build.0 = Debug|Any CPU
		{ED37BFBD-6A14-4C50-8417-E0D57A21C8AC}.Release|Any CPU.ActiveCfg = Release|Any CPU
		{ED37BFBD-6A14-4C50-8417-E0D57A21C8AC}.Release|Any CPU.Build.0 = Release|Any CPU
	EndGlobalSection
EndGlobal
